schema: '2.0'
stages:
  data_ingestion:
    cmd: python src/data/data_ingestion.py
    deps:
    - path: src/data/data_ingestion.py
      hash: md5
      md5: 8551ab03eb6240a27f05a29512e62635
      size: 3446
    params:
      params.yaml:
        data_ingestion.test_size: 0.2
    outs:
    - path: data/raw
      hash: md5
      md5: 7dade2f54d7c52190e6eea88ce98a008.dir
      size: 668123
      nfiles: 2
  data_preprocessing:
    cmd: python src/data/data_preprocessing.py
    deps:
    - path: data/raw
      hash: md5
      md5: 7dade2f54d7c52190e6eea88ce98a008.dir
      size: 668123
      nfiles: 2
    - path: src/data/data_preprocessing.py
      hash: md5
      md5: a0d0986f1695b3e851d0f37dad4451b8
      size: 2909
    outs:
    - path: data/interim
      hash: md5
      md5: 3ffd70e75a33862302a512334958aaf4.dir
      size: 413254
      nfiles: 2
  feature_engineering:
    cmd: python src/features/feature_engineering.py
    deps:
    - path: data/interim
      hash: md5
      md5: 3ffd70e75a33862302a512334958aaf4.dir
      size: 413254
      nfiles: 2
    - path: src/features/feature_engineering.py
      hash: md5
      md5: cfaf71fa8bd1fae8af5abc3cbbe3387b
      size: 3447
    params:
      params.yaml:
        feature_engineering.max_features: 50
    outs:
    - path: data/processed
      hash: md5
      md5: 58163aab172da78bd5a0cad3ee63ecd9.dir
      size: 51893
      nfiles: 2
    - path: models/vectorizer.pkl
      hash: md5
      md5: c61f7646b5c560190e82a8f4506b27e5
      size: 1662
  model_building:
    cmd: python src/model/model_building.py
    deps:
    - path: data/processed
      hash: md5
      md5: 58163aab172da78bd5a0cad3ee63ecd9.dir
      size: 51893
      nfiles: 2
    - path: src/model/model_building.py
      hash: md5
      md5: 0147f56dbbab9cf1065b67f3cf72e473
      size: 1859
    outs:
    - path: models/model.pkl
      hash: md5
      md5: f63c29a5701cb66fe7397b01f5132767
      size: 1114
  model_evaluation:
    cmd: python src/model/model_evaluation.py
    deps:
    - path: models/model.pkl
      hash: md5
      md5: f63c29a5701cb66fe7397b01f5132767
      size: 1114
    - path: src/model/model_evaluation.py
      hash: md5
      md5: e332113bec985204f58cce586f0438d7
      size: 5567
    outs:
    - path: reports/experiment_info.json
      hash: md5
      md5: 701b44429034f91f6434d75af762a5fe
      size: 82
    - path: reports/metrics.json
      hash: md5
      md5: 30eed54f306e145030de59313c411a61
      size: 130
  model_registration:
    cmd: python src/model/register_model.py
    deps:
    - path: reports/experiment_info.json
      hash: md5
      md5: 701b44429034f91f6434d75af762a5fe
      size: 82
    - path: src/model/register_model.py
      hash: md5
      md5: 5bd9a8e0937471688f6516a24d0d113a
      size: 3147
